
Microsoft Visual Studio Solution File, Format Version 12.00
# Visual Studio Version 17
VisualStudioVersion = 17.0.32014.148
MinimumVisualStudioVersion = 10.0.40219.1
Project("{9A19103F-16F7-4668-BE54-9A1E7A4F7556}") = "RecordDemo", "RecordDemo\RecordDemo.csproj", "{79C4AD30-D7EA-45D7-A4C1-17898650632A}"
EndProject
Global
	GlobalSection(SolutionConfigurationPlatforms) = preSolution
		Debug|Any CPU = Debug|Any CPU
		Release|Any CPU = Release|Any CPU
	EndGlobalSection
	GlobalSection(ProjectConfigurationPlatforms) = postSolution
		{79C4AD30-D7EA-45D7-A4C1-17898650632A}.Debug|Any CPU.ActiveCfg = Debug|Any CPU
		{79C4AD30-D7EA-45D7-A4C1-17898650632A}.Debug|Any CPU.Build.0 = Debug|Any CPU
		{79C4AD30-D7EA-45D7-A4C1-17898650632A}.Release|Any CPU.ActiveCfg = Release|Any CPU
		{79C4AD30-D7EA-45D7-A4C1-17898650632A}.Release|Any CPU.Build.0 = Release|Any CPU
	EndGlobalSection
	GlobalSection(SolutionProperties) = preSolution
		HideSolutionNode = FALSE
	EndGlobalSection
	GlobalSection(ExtensibilityGlobals) = postSolution
		SolutionGuid = {30474F48-54A2-4916-850D-F3CD431DD072}
	EndGlobalSection
EndGlobal
