
Microsoft Visual Studio Solution File, Format Version 12.00
# Visual Studio Version 17
VisualStudioVersion = 17.0.32014.148
MinimumVisualStudioVersion = 10.0.40219.1
Project("{FAE04EC0-301F-11D3-BF4B-00C04F79EFBC}") = "Domain", "Domain\Domain.csproj", "{797EFC26-AC1F-43E9-A126-D7C2AC63267F}"
EndProject
Project("{FAE04EC0-301F-11D3-BF4B-00C04F79EFBC}") = "Domain.Test", "Domain.Test\Domain.Test.csproj", "{95BB5CE7-EE1F-42D9-97BD-2AA6C0DDF4C4}"
EndProject
Global
	GlobalSection(SolutionConfigurationPlatforms) = preSolution
		Debug|Any CPU = Debug|Any CPU
		Release|Any CPU = Release|Any CPU
	EndGlobalSection
	GlobalSection(ProjectConfigurationPlatforms) = postSolution
		{797EFC26-AC1F-43E9-A126-D7C2AC63267F}.Debug|Any CPU.ActiveCfg = Debug|Any CPU
		{797EFC26-AC1F-43E9-A126-D7C2AC63267F}.Debug|Any CPU.Build.0 = Debug|Any CPU
		{797EFC26-AC1F-43E9-A126-D7C2AC63267F}.Release|Any CPU.ActiveCfg = Release|Any CPU
		{797EFC26-AC1F-43E9-A126-D7C2AC63267F}.Release|Any CPU.Build.0 = Release|Any CPU
		{95BB5CE7-EE1F-42D9-97BD-2AA6C0DDF4C4}.Debug|Any CPU.ActiveCfg = Debug|Any CPU
		{95BB5CE7-EE1F-42D9-97BD-2AA6C0DDF4C4}.Debug|Any CPU.Build.0 = Debug|Any CPU
		{95BB5CE7-EE1F-42D9-97BD-2AA6C0DDF4C4}.Release|Any CPU.ActiveCfg = Release|Any CPU
		{95BB5CE7-EE1F-42D9-97BD-2AA6C0DDF4C4}.Release|Any CPU.Build.0 = Release|Any CPU
	EndGlobalSection
	GlobalSection(SolutionProperties) = preSolution
		HideSolutionNode = FALSE
	EndGlobalSection
	GlobalSection(ExtensibilityGlobals) = postSolution
		SolutionGuid = {0609C666-5F63-4AB9-9C33-2978546AC111}
	EndGlobalSection
EndGlobal
